// !$*UTF8*$!
{
	archiveVersion = 1;
	classes = {
	};
	objectVersion = 50;
	objects = {

/* Begin PBXBuildFile section */
		7000AAB62111C1BA001864B3 /* AppDelegate.swift in Sources */ = {isa = PBXBuildFile; fileRef = 7000AAB52111C1BA001864B3 /* AppDelegate.swift */; };
		7000AABB2111C1BA001864B3 /* Main.storyboard in Resources */ = {isa = PBXBuildFile; fileRef = 7000AAB92111C1BA001864B3 /* Main.storyboard */; };
		7000AABE2111C1BA001864B3 /* Hajj_Hackation_userApp.xcdatamodeld in Sources */ = {isa = PBXBuildFile; fileRef = 7000AABC2111C1BA001864B3 /* Hajj_Hackation_userApp.xcdatamodeld */; };
		7000AAC02111C1BB001864B3 /* Assets.xcassets in Resources */ = {isa = PBXBuildFile; fileRef = 7000AABF2111C1BB001864B3 /* Assets.xcassets */; };
		7000AAC32111C1BB001864B3 /* LaunchScreen.storyboard in Resources */ = {isa = PBXBuildFile; fileRef = 7000AAC12111C1BB001864B3 /* LaunchScreen.storyboard */; };
		7000AACE2111C1BB001864B3 /* Hajj_Hackation_userAppTests.swift in Sources */ = {isa = PBXBuildFile; fileRef = 7000AACD2111C1BB001864B3 /* Hajj_Hackation_userAppTests.swift */; };
		7000AAD92111C1BB001864B3 /* Hajj_Hackation_userAppUITests.swift in Sources */ = {isa = PBXBuildFile; fileRef = 7000AAD82111C1BB001864B3 /* Hajj_Hackation_userAppUITests.swift */; };
		7000AAE82111C496001864B3 /* Podfile in Resources */ = {isa = PBXBuildFile; fileRef = 7000AAE72111C496001864B3 /* Podfile */; };
		7000AAED2111CB65001864B3 /* MapViewController.swift in Sources */ = {isa = PBXBuildFile; fileRef = 7000AAEC2111CB65001864B3 /* MapViewController.swift */; };
		7000AAF821123EBD001864B3 /* ApiManager.swift in Sources */ = {isa = PBXBuildFile; fileRef = 7000AAF521123EBD001864B3 /* ApiManager.swift */; };
		7000AAF921123EBD001864B3 /* VendingMachine.swift in Sources */ = {isa = PBXBuildFile; fileRef = 7000AAF621123EBD001864B3 /* VendingMachine.swift */; };
		7000AAFA21123EBD001864B3 /* FoodItem.swift in Sources */ = {isa = PBXBuildFile; fileRef = 7000AAF721123EBD001864B3 /* FoodItem.swift */; };
		70235BE921124C810026281C /* Info.plist in Resources */ = {isa = PBXBuildFile; fileRef = 7000AAC42111C1BB001864B3 /* Info.plist */; };
		70235BEB211271470026281C /* Default-568h@2x.png in Resources */ = {isa = PBXBuildFile; fileRef = 70235BEA211271470026281C /* Default-568h@2x.png */; };
		70235BED211275C30026281C /* VMAnnotation.swift in Sources */ = {isa = PBXBuildFile; fileRef = 70235BEC211275C30026281C /* VMAnnotation.swift */; };
		70235BF1211282610026281C /* Antoation.xib in Resources */ = {isa = PBXBuildFile; fileRef = 70235BF0211282610026281C /* Antoation.xib */; };
		70235BF321129AFB0026281C /* AnnotationView.swift in Sources */ = {isa = PBXBuildFile; fileRef = 70235BF221129AFB0026281C /* AnnotationView.swift */; };
		70235BF521129C330026281C /* PlaceAnnotation.swift in Sources */ = {isa = PBXBuildFile; fileRef = 70235BF421129C330026281C /* PlaceAnnotation.swift */; };
		70235BF72113410C0026281C /* NavgationViewController.swift in Sources */ = {isa = PBXBuildFile; fileRef = 70235BF62113410C0026281C /* NavgationViewController.swift */; };
		70235BF921134CB20026281C /* VMSTableViewController.swift in Sources */ = {isa = PBXBuildFile; fileRef = 70235BF821134CB20026281C /* VMSTableViewController.swift */; };
		70235BFB21134F180026281C /* HajjArViewController.swift in Sources */ = {isa = PBXBuildFile; fileRef = 70235BFA21134F180026281C /* HajjArViewController.swift */; };
		70235BFF2113D01D0026281C /* ProfileViewController.swift in Sources */ = {isa = PBXBuildFile; fileRef = 70235BFE2113D01D0026281C /* ProfileViewController.swift */; };
		EF48AE62A73680D3D7BD590A /* libPods-Hajj_Hackation_userApp.a in Frameworks */ = {isa = PBXBuildFile; fileRef = CCC32CF401C495CA41B6F337 /* libPods-Hajj_Hackation_userApp.a */; };
/* End PBXBuildFile section */

/* Begin PBXContainerItemProxy section */
		7000AACA2111C1BB001864B3 /* PBXContainerItemProxy */ = {
			isa = PBXContainerItemProxy;
			containerPortal = 7000AAAA2111C1BA001864B3 /* Project object */;
			proxyType = 1;
			remoteGlobalIDString = 7000AAB12111C1BA001864B3;
			remoteInfo = Hajj_Hackation_userApp;
		};
		7000AAD52111C1BB001864B3 /* PBXContainerItemProxy */ = {
			isa = PBXContainerItemProxy;
			containerPortal = 7000AAAA2111C1BA001864B3 /* Project object */;
			proxyType = 1;
			remoteGlobalIDString = 7000AAB12111C1BA001864B3;
			remoteInfo = Hajj_Hackation_userApp;
		};
/* End PBXContainerItemProxy section */

/* Begin PBXFileReference section */
		293EBABE5135091C09F1A22B /* Pods-Hajj_Hackation_userApp.release.xcconfig */ = {isa = PBXFileReference; includeInIndex = 1; lastKnownFileType = text.xcconfig; name = "Pods-Hajj_Hackation_userApp.release.xcconfig"; path = "Pods/Target Support Files/Pods-Hajj_Hackation_userApp/Pods-Hajj_Hackation_userApp.release.xcconfig"; sourceTree = "<group>"; };
		7000AAB22111C1BA001864B3 /* Hajj_Hackation_userApp.app */ = {isa = PBXFileReference; explicitFileType = wrapper.application; includeInIndex = 0; path = Hajj_Hackation_userApp.app; sourceTree = BUILT_PRODUCTS_DIR; };
		7000AAB52111C1BA001864B3 /* AppDelegate.swift */ = {isa = PBXFileReference; lastKnownFileType = sourcecode.swift; path = AppDelegate.swift; sourceTree = "<group>"; };
		7000AABA2111C1BA001864B3 /* Base */ = {isa = PBXFileReference; lastKnownFileType = file.storyboard; name = Base; path = Base.lproj/Main.storyboard; sourceTree = "<group>"; };
		7000AABD2111C1BA001864B3 /* Hajj_Hackation_userApp.xcdatamodel */ = {isa = PBXFileReference; lastKnownFileType = wrapper.xcdatamodel; path = Hajj_Hackation_userApp.xcdatamodel; sourceTree = "<group>"; };
		7000AABF2111C1BB001864B3 /* Assets.xcassets */ = {isa = PBXFileReference; lastKnownFileType = folder.assetcatalog; path = Assets.xcassets; sourceTree = "<group>"; };
		7000AAC22111C1BB001864B3 /* Base */ = {isa = PBXFileReference; lastKnownFileType = file.storyboard; name = Base; path = Base.lproj/LaunchScreen.storyboard; sourceTree = "<group>"; };
		7000AAC42111C1BB001864B3 /* Info.plist */ = {isa = PBXFileReference; lastKnownFileType = text.plist.xml; path = Info.plist; sourceTree = "<group>"; };
		7000AAC92111C1BB001864B3 /* Hajj_Hackation_userAppTests.xctest */ = {isa = PBXFileReference; explicitFileType = wrapper.cfbundle; includeInIndex = 0; path = Hajj_Hackation_userAppTests.xctest; sourceTree = BUILT_PRODUCTS_DIR; };
		7000AACD2111C1BB001864B3 /* Hajj_Hackation_userAppTests.swift */ = {isa = PBXFileReference; lastKnownFileType = sourcecode.swift; path = Hajj_Hackation_userAppTests.swift; sourceTree = "<group>"; };
		7000AACF2111C1BB001864B3 /* Info.plist */ = {isa = PBXFileReference; lastKnownFileType = text.plist.xml; path = Info.plist; sourceTree = "<group>"; };
		7000AAD42111C1BB001864B3 /* Hajj_Hackation_userAppUITests.xctest */ = {isa = PBXFileReference; explicitFileType = wrapper.cfbundle; includeInIndex = 0; path = Hajj_Hackation_userAppUITests.xctest; sourceTree = BUILT_PRODUCTS_DIR; };
		7000AAD82111C1BB001864B3 /* Hajj_Hackation_userAppUITests.swift */ = {isa = PBXFileReference; lastKnownFileType = sourcecode.swift; path = Hajj_Hackation_userAppUITests.swift; sourceTree = "<group>"; };
		7000AADA2111C1BB001864B3 /* Info.plist */ = {isa = PBXFileReference; lastKnownFileType = text.plist.xml; path = Info.plist; sourceTree = "<group>"; };
		7000AAE72111C496001864B3 /* Podfile */ = {isa = PBXFileReference; lastKnownFileType = text; path = Podfile; sourceTree = "<group>"; xcLanguageSpecificationIdentifier = xcode.lang.ruby; };
		7000AAEC2111CB65001864B3 /* MapViewController.swift */ = {isa = PBXFileReference; lastKnownFileType = sourcecode.swift; path = MapViewController.swift; sourceTree = "<group>"; };
		7000AAF521123EBD001864B3 /* ApiManager.swift */ = {isa = PBXFileReference; fileEncoding = 4; lastKnownFileType = sourcecode.swift; path = ApiManager.swift; sourceTree = "<group>"; };
		7000AAF621123EBD001864B3 /* VendingMachine.swift */ = {isa = PBXFileReference; fileEncoding = 4; lastKnownFileType = sourcecode.swift; path = VendingMachine.swift; sourceTree = "<group>"; };
		7000AAF721123EBD001864B3 /* FoodItem.swift */ = {isa = PBXFileReference; fileEncoding = 4; lastKnownFileType = sourcecode.swift; path = FoodItem.swift; sourceTree = "<group>"; };
		70235BEA211271470026281C /* Default-568h@2x.png */ = {isa = PBXFileReference; lastKnownFileType = image.png; path = "Default-568h@2x.png"; sourceTree = "<group>"; };
		70235BEC211275C30026281C /* VMAnnotation.swift */ = {isa = PBXFileReference; lastKnownFileType = sourcecode.swift; path = VMAnnotation.swift; sourceTree = "<group>"; };
		70235BF0211282610026281C /* Antoation.xib */ = {isa = PBXFileReference; lastKnownFileType = file.xib; path = Antoation.xib; sourceTree = "<group>"; };
		70235BF221129AFB0026281C /* AnnotationView.swift */ = {isa = PBXFileReference; lastKnownFileType = sourcecode.swift; path = AnnotationView.swift; sourceTree = "<group>"; };
		70235BF421129C330026281C /* PlaceAnnotation.swift */ = {isa = PBXFileReference; lastKnownFileType = sourcecode.swift; path = PlaceAnnotation.swift; sourceTree = "<group>"; };
		70235BF62113410C0026281C /* NavgationViewController.swift */ = {isa = PBXFileReference; lastKnownFileType = sourcecode.swift; path = NavgationViewController.swift; sourceTree = "<group>"; };
		70235BF821134CB20026281C /* VMSTableViewController.swift */ = {isa = PBXFileReference; lastKnownFileType = sourcecode.swift; path = VMSTableViewController.swift; sourceTree = "<group>"; };
		70235BFA21134F180026281C /* HajjArViewController.swift */ = {isa = PBXFileReference; lastKnownFileType = sourcecode.swift; path = HajjArViewController.swift; sourceTree = "<group>"; };
		70235BFE2113D01D0026281C /* ProfileViewController.swift */ = {isa = PBXFileReference; lastKnownFileType = sourcecode.swift; path = ProfileViewController.swift; sourceTree = "<group>"; };
		780DF5DAD8BDE5DF9055754A /* Pods-Hajj_Hackation_userApp.debug.xcconfig */ = {isa = PBXFileReference; includeInIndex = 1; lastKnownFileType = text.xcconfig; name = "Pods-Hajj_Hackation_userApp.debug.xcconfig"; path = "Pods/Target Support Files/Pods-Hajj_Hackation_userApp/Pods-Hajj_Hackation_userApp.debug.xcconfig"; sourceTree = "<group>"; };
		CCC32CF401C495CA41B6F337 /* libPods-Hajj_Hackation_userApp.a */ = {isa = PBXFileReference; explicitFileType = archive.ar; includeInIndex = 0; path = "libPods-Hajj_Hackation_userApp.a"; sourceTree = BUILT_PRODUCTS_DIR; };
/* End PBXFileReference section */

/* Begin PBXFrameworksBuildPhase section */
		7000AAAF2111C1BA001864B3 /* Frameworks */ = {
			isa = PBXFrameworksBuildPhase;
			buildActionMask = 2147483647;
			files = (
				EF48AE62A73680D3D7BD590A /* libPods-Hajj_Hackation_userApp.a in Frameworks */,
			);
			runOnlyForDeploymentPostprocessing = 0;
		};
		7000AAC62111C1BB001864B3 /* Frameworks */ = {
			isa = PBXFrameworksBuildPhase;
			buildActionMask = 2147483647;
			files = (
			);
			runOnlyForDeploymentPostprocessing = 0;
		};
		7000AAD12111C1BB001864B3 /* Frameworks */ = {
			isa = PBXFrameworksBuildPhase;
			buildActionMask = 2147483647;
			files = (
			);
			runOnlyForDeploymentPostprocessing = 0;
		};
/* End PBXFrameworksBuildPhase section */

/* Begin PBXGroup section */
		606913E54A0B8FBCF6395B48 /* Frameworks */ = {
			isa = PBXGroup;
			children = (
				CCC32CF401C495CA41B6F337 /* libPods-Hajj_Hackation_userApp.a */,
			);
			name = Frameworks;
			sourceTree = "<group>";
		};
		7000AAA92111C1BA001864B3 = {
			isa = PBXGroup;
			children = (
				70235BEA211271470026281C /* Default-568h@2x.png */,
				70235BE8211248C70026281C /* View */,
				7000AAF02111DE95001864B3 /* Models */,
				7000AAE72111C496001864B3 /* Podfile */,
				7000AAE62111C1FF001864B3 /* Controllers */,
				7000AAB42111C1BA001864B3 /* Hajj_Hackation_userApp */,
				7000AACC2111C1BB001864B3 /* Hajj_Hackation_userAppTests */,
				7000AAD72111C1BB001864B3 /* Hajj_Hackation_userAppUITests */,
				7000AAB32111C1BA001864B3 /* Products */,
				9A3873C92F9F69B1185CBB1E /* Pods */,
				606913E54A0B8FBCF6395B48 /* Frameworks */,
			);
			sourceTree = "<group>";
		};
		7000AAB32111C1BA001864B3 /* Products */ = {
			isa = PBXGroup;
			children = (
				7000AAB22111C1BA001864B3 /* Hajj_Hackation_userApp.app */,
				7000AAC92111C1BB001864B3 /* Hajj_Hackation_userAppTests.xctest */,
				7000AAD42111C1BB001864B3 /* Hajj_Hackation_userAppUITests.xctest */,
			);
			name = Products;
			sourceTree = "<group>";
		};
		7000AAB42111C1BA001864B3 /* Hajj_Hackation_userApp */ = {
			isa = PBXGroup;
			children = (
				7000AAB52111C1BA001864B3 /* AppDelegate.swift */,
			);
			path = Hajj_Hackation_userApp;
			sourceTree = "<group>";
		};
		7000AACC2111C1BB001864B3 /* Hajj_Hackation_userAppTests */ = {
			isa = PBXGroup;
			children = (
				7000AACD2111C1BB001864B3 /* Hajj_Hackation_userAppTests.swift */,
				7000AACF2111C1BB001864B3 /* Info.plist */,
			);
			path = Hajj_Hackation_userAppTests;
			sourceTree = "<group>";
		};
		7000AAD72111C1BB001864B3 /* Hajj_Hackation_userAppUITests */ = {
			isa = PBXGroup;
			children = (
				7000AAD82111C1BB001864B3 /* Hajj_Hackation_userAppUITests.swift */,
				7000AADA2111C1BB001864B3 /* Info.plist */,
			);
			path = Hajj_Hackation_userAppUITests;
			sourceTree = "<group>";
		};
		7000AAE62111C1FF001864B3 /* Controllers */ = {
			isa = PBXGroup;
			children = (
				7000AAE92111C93B001864B3 /* google maps */,
				70235BF821134CB20026281C /* VMSTableViewController.swift */,
				70235BFE2113D01D0026281C /* ProfileViewController.swift */,
			);
			path = Controllers;
			sourceTree = "<group>";
		};
		7000AAE92111C93B001864B3 /* google maps */ = {
			isa = PBXGroup;
			children = (
				7000AAEC2111CB65001864B3 /* MapViewController.swift */,
				70235BF62113410C0026281C /* NavgationViewController.swift */,
				70235BFA21134F180026281C /* HajjArViewController.swift */,
			);
			path = "google maps";
			sourceTree = "<group>";
		};
		7000AAF02111DE95001864B3 /* Models */ = {
			isa = PBXGroup;
			children = (
				7000AAC42111C1BB001864B3 /* Info.plist */,
				7000AAF521123EBD001864B3 /* ApiManager.swift */,
				7000AAF721123EBD001864B3 /* FoodItem.swift */,
				7000AAF621123EBD001864B3 /* VendingMachine.swift */,
				70235BEC211275C30026281C /* VMAnnotation.swift */,
				70235BF421129C330026281C /* PlaceAnnotation.swift */,
			);
			path = Models;
			sourceTree = "<group>";
		};
		70235BE8211248C70026281C /* View */ = {
			isa = PBXGroup;
			children = (
				7000AAB92111C1BA001864B3 /* Main.storyboard */,
				7000AABF2111C1BB001864B3 /* Assets.xcassets */,
				7000AAC12111C1BB001864B3 /* LaunchScreen.storyboard */,
				7000AABC2111C1BA001864B3 /* Hajj_Hackation_userApp.xcdatamodeld */,
				70235BF0211282610026281C /* Antoation.xib */,
				70235BF221129AFB0026281C /* AnnotationView.swift */,
			);
			path = View;
			sourceTree = "<group>";
		};
		9A3873C92F9F69B1185CBB1E /* Pods */ = {
			isa = PBXGroup;
			children = (
				780DF5DAD8BDE5DF9055754A /* Pods-Hajj_Hackation_userApp.debug.xcconfig */,
				293EBABE5135091C09F1A22B /* Pods-Hajj_Hackation_userApp.release.xcconfig */,
			);
			name = Pods;
			sourceTree = "<group>";
		};
/* End PBXGroup section */

/* Begin PBXNativeTarget section */
		7000AAB12111C1BA001864B3 /* Hajj_Hackation_userApp */ = {
			isa = PBXNativeTarget;
			buildConfigurationList = 7000AADD2111C1BB001864B3 /* Build configuration list for PBXNativeTarget "Hajj_Hackation_userApp" */;
			buildPhases = (
				C552F21D0B439F1AD6C9E3C1 /* [CP] Check Pods Manifest.lock */,
				7000AAAE2111C1BA001864B3 /* Sources */,
				7000AAAF2111C1BA001864B3 /* Frameworks */,
				7000AAB02111C1BA001864B3 /* Resources */,
				7CAF7A0239DB8FDA466FD876 /* [CP] Copy Pods Resources */,
			);
			buildRules = (
			);
			dependencies = (
			);
			name = Hajj_Hackation_userApp;
			productName = Hajj_Hackation_userApp;
			productReference = 7000AAB22111C1BA001864B3 /* Hajj_Hackation_userApp.app */;
			productType = "com.apple.product-type.application";
		};
		7000AAC82111C1BB001864B3 /* Hajj_Hackation_userAppTests */ = {
			isa = PBXNativeTarget;
			buildConfigurationList = 7000AAE02111C1BB001864B3 /* Build configuration list for PBXNativeTarget "Hajj_Hackation_userAppTests" */;
			buildPhases = (
				7000AAC52111C1BB001864B3 /* Sources */,
				7000AAC62111C1BB001864B3 /* Frameworks */,
				7000AAC72111C1BB001864B3 /* Resources */,
			);
			buildRules = (
			);
			dependencies = (
				7000AACB2111C1BB001864B3 /* PBXTargetDependency */,
			);
			name = Hajj_Hackation_userAppTests;
			productName = Hajj_Hackation_userAppTests;
			productReference = 7000AAC92111C1BB001864B3 /* Hajj_Hackation_userAppTests.xctest */;
			productType = "com.apple.product-type.bundle.unit-test";
		};
		7000AAD32111C1BB001864B3 /* Hajj_Hackation_userAppUITests */ = {
			isa = PBXNativeTarget;
			buildConfigurationList = 7000AAE32111C1BB001864B3 /* Build configuration list for PBXNativeTarget "Hajj_Hackation_userAppUITests" */;
			buildPhases = (
				7000AAD02111C1BB001864B3 /* Sources */,
				7000AAD12111C1BB001864B3 /* Frameworks */,
				7000AAD22111C1BB001864B3 /* Resources */,
			);
			buildRules = (
			);
			dependencies = (
				7000AAD62111C1BB001864B3 /* PBXTargetDependency */,
			);
			name = Hajj_Hackation_userAppUITests;
			productName = Hajj_Hackation_userAppUITests;
			productReference = 7000AAD42111C1BB001864B3 /* Hajj_Hackation_userAppUITests.xctest */;
			productType = "com.apple.product-type.bundle.ui-testing";
		};
/* End PBXNativeTarget section */

/* Begin PBXProject section */
		7000AAAA2111C1BA001864B3 /* Project object */ = {
			isa = PBXProject;
			attributes = {
				LastSwiftUpdateCheck = 0940;
				LastUpgradeCheck = 0940;
				ORGANIZATIONNAME = X;
				TargetAttributes = {
					7000AAB12111C1BA001864B3 = {
						CreatedOnToolsVersion = 9.4;
					};
					7000AAC82111C1BB001864B3 = {
						CreatedOnToolsVersion = 9.4;
						TestTargetID = 7000AAB12111C1BA001864B3;
					};
					7000AAD32111C1BB001864B3 = {
						CreatedOnToolsVersion = 9.4;
						TestTargetID = 7000AAB12111C1BA001864B3;
					};
				};
			};
			buildConfigurationList = 7000AAAD2111C1BA001864B3 /* Build configuration list for PBXProject "Hajj_Hackation_userApp" */;
			compatibilityVersion = "Xcode 9.3";
			developmentRegion = en;
			hasScannedForEncodings = 0;
			knownRegions = (
				en,
				Base,
			);
			mainGroup = 7000AAA92111C1BA001864B3;
			productRefGroup = 7000AAB32111C1BA001864B3 /* Products */;
			projectDirPath = "";
			projectRoot = "";
			targets = (
				7000AAB12111C1BA001864B3 /* Hajj_Hackation_userApp */,
				7000AAC82111C1BB001864B3 /* Hajj_Hackation_userAppTests */,
				7000AAD32111C1BB001864B3 /* Hajj_Hackation_userAppUITests */,
			);
		};
/* End PBXProject section */

/* Begin PBXResourcesBuildPhase section */
		7000AAB02111C1BA001864B3 /* Resources */ = {
			isa = PBXResourcesBuildPhase;
			buildActionMask = 2147483647;
			files = (
				7000AAC32111C1BB001864B3 /* LaunchScreen.storyboard in Resources */,
				7000AAC02111C1BB001864B3 /* Assets.xcassets in Resources */,
				70235BF1211282610026281C /* Antoation.xib in Resources */,
				7000AAE82111C496001864B3 /* Podfile in Resources */,
				70235BE921124C810026281C /* Info.plist in Resources */,
				7000AABB2111C1BA001864B3 /* Main.storyboard in Resources */,
				70235BEB211271470026281C /* Default-568h@2x.png in Resources */,
			);
			runOnlyForDeploymentPostprocessing = 0;
		};
		7000AAC72111C1BB001864B3 /* Resources */ = {
			isa = PBXResourcesBuildPhase;
			buildActionMask = 2147483647;
			files = (
			);
			runOnlyForDeploymentPostprocessing = 0;
		};
		7000AAD22111C1BB001864B3 /* Resources */ = {
			isa = PBXResourcesBuildPhase;
			buildActionMask = 2147483647;
			files = (
			);
			runOnlyForDeploymentPostprocessing = 0;
		};
/* End PBXResourcesBuildPhase section */

/* Begin PBXShellScriptBuildPhase section */
		7CAF7A0239DB8FDA466FD876 /* [CP] Copy Pods Resources */ = {
			isa = PBXShellScriptBuildPhase;
			buildActionMask = 2147483647;
			files = (
			);
			inputPaths = (
				"${SRCROOT}/Pods/Target Support Files/Pods-Hajj_Hackation_userApp/Pods-Hajj_Hackation_userApp-resources.sh",
				"${PODS_ROOT}/GoogleMaps/Maps/Frameworks/GoogleMaps.framework/Resources/GoogleMaps.bundle",
				"${PODS_ROOT}/GooglePlaces/Frameworks/GooglePlaces.framework/Resources/GooglePlaces.bundle",
				"${PODS_ROOT}/HDAugmentedReality/HDAugmentedReality/Resources/DebugMapViewController.xib",
				"${PODS_ROOT}/HDAugmentedReality/HDAugmentedReality/Resources/hdar_close.png",
				"${PODS_ROOT}/HDAugmentedReality/HDAugmentedReality/Resources/hdar_close@2x.png",
				"${PODS_ROOT}/HDAugmentedReality/HDAugmentedReality/Resources/hdar_close@3x.png",
			);
			name = "[CP] Copy Pods Resources";
			outputPaths = (
				"${TARGET_BUILD_DIR}/${UNLOCALIZED_RESOURCES_FOLDER_PATH}/GoogleMaps.bundle",
				"${TARGET_BUILD_DIR}/${UNLOCALIZED_RESOURCES_FOLDER_PATH}/GooglePlaces.bundle",
				"${TARGET_BUILD_DIR}/${UNLOCALIZED_RESOURCES_FOLDER_PATH}/DebugMapViewController.nib",
				"${TARGET_BUILD_DIR}/${UNLOCALIZED_RESOURCES_FOLDER_PATH}/hdar_close.png",
				"${TARGET_BUILD_DIR}/${UNLOCALIZED_RESOURCES_FOLDER_PATH}/hdar_close@2x.png",
				"${TARGET_BUILD_DIR}/${UNLOCALIZED_RESOURCES_FOLDER_PATH}/hdar_close@3x.png",
			);
			runOnlyForDeploymentPostprocessing = 0;
			shellPath = /bin/sh;
			shellScript = "\"${SRCROOT}/Pods/Target Support Files/Pods-Hajj_Hackation_userApp/Pods-Hajj_Hackation_userApp-resources.sh\"\n";
			showEnvVarsInLog = 0;
		};
		C552F21D0B439F1AD6C9E3C1 /* [CP] Check Pods Manifest.lock */ = {
			isa = PBXShellScriptBuildPhase;
			buildActionMask = 2147483647;
			files = (
			);
			inputPaths = (
				"${PODS_PODFILE_DIR_PATH}/Podfile.lock",
				"${PODS_ROOT}/Manifest.lock",
			);
			name = "[CP] Check Pods Manifest.lock";
			outputPaths = (
				"$(DERIVED_FILE_DIR)/Pods-Hajj_Hackation_userApp-checkManifestLockResult.txt",
			);
			runOnlyForDeploymentPostprocessing = 0;
			shellPath = /bin/sh;
			shellScript = "diff \"${PODS_PODFILE_DIR_PATH}/Podfile.lock\" \"${PODS_ROOT}/Manifest.lock\" > /dev/null\nif [ $? != 0 ] ; then\n    # print error to STDERR\n    echo \"error: The sandbox is not in sync with the Podfile.lock. Run 'pod install' or update your CocoaPods installation.\" >&2\n    exit 1\nfi\n# This output is used by Xcode 'outputs' to avoid re-running this script phase.\necho \"SUCCESS\" > \"${SCRIPT_OUTPUT_FILE_0}\"\n";
			showEnvVarsInLog = 0;
		};
/* End PBXShellScriptBuildPhase section */

/* Begin PBXSourcesBuildPhase section */
		7000AAAE2111C1BA001864B3 /* Sources */ = {
			isa = PBXSourcesBuildPhase;
			buildActionMask = 2147483647;
			files = (
				7000AAF921123EBD001864B3 /* VendingMachine.swift in Sources */,
				70235BF521129C330026281C /* PlaceAnnotation.swift in Sources */,
				70235BF72113410C0026281C /* NavgationViewController.swift in Sources */,
				7000AAF821123EBD001864B3 /* ApiManager.swift in Sources */,
				7000AABE2111C1BA001864B3 /* Hajj_Hackation_userApp.xcdatamodeld in Sources */,
				7000AAB62111C1BA001864B3 /* AppDelegate.swift in Sources */,
				70235BF921134CB20026281C /* VMSTableViewController.swift in Sources */,
				7000AAFA21123EBD001864B3 /* FoodItem.swift in Sources */,
				70235BFB21134F180026281C /* HajjArViewController.swift in Sources */,
				70235BF321129AFB0026281C /* AnnotationView.swift in Sources */,
				70235BFF2113D01D0026281C /* ProfileViewController.swift in Sources */,
				70235BED211275C30026281C /* VMAnnotation.swift in Sources */,
				7000AAED2111CB65001864B3 /* MapViewController.swift in Sources */,
			);
			runOnlyForDeploymentPostprocessing = 0;
		};
		7000AAC52111C1BB001864B3 /* Sources */ = {
			isa = PBXSourcesBuildPhase;
			buildActionMask = 2147483647;
			files = (
				7000AACE2111C1BB001864B3 /* Hajj_Hackation_userAppTests.swift in Sources */,
			);
			runOnlyForDeploymentPostprocessing = 0;
		};
		7000AAD02111C1BB001864B3 /* Sources */ = {
			isa = PBXSourcesBuildPhase;
			buildActionMask = 2147483647;
			files = (
				7000AAD92111C1BB001864B3 /* Hajj_Hackation_userAppUITests.swift in Sources */,
			);
			runOnlyForDeploymentPostprocessing = 0;
		};
/* End PBXSourcesBuildPhase section */

/* Begin PBXTargetDependency section */
		7000AACB2111C1BB001864B3 /* PBXTargetDependency */ = {
			isa = PBXTargetDependency;
			target = 7000AAB12111C1BA001864B3 /* Hajj_Hackation_userApp */;
			targetProxy = 7000AACA2111C1BB001864B3 /* PBXContainerItemProxy */;
		};
		7000AAD62111C1BB001864B3 /* PBXTargetDependency */ = {
			isa = PBXTargetDependency;
			target = 7000AAB12111C1BA001864B3 /* Hajj_Hackation_userApp */;
			targetProxy = 7000AAD52111C1BB001864B3 /* PBXContainerItemProxy */;
		};
/* End PBXTargetDependency section */

/* Begin PBXVariantGroup section */
		7000AAB92111C1BA001864B3 /* Main.storyboard */ = {
			isa = PBXVariantGroup;
			children = (
				7000AABA2111C1BA001864B3 /* Base */,
			);
			name = Main.storyboard;
			sourceTree = "<group>";
		};
		7000AAC12111C1BB001864B3 /* LaunchScreen.storyboard */ = {
			isa = PBXVariantGroup;
			children = (
				7000AAC22111C1BB001864B3 /* Base */,
			);
			name = LaunchScreen.storyboard;
			sourceTree = "<group>";
		};
/* End PBXVariantGroup section */

/* Begin XCBuildConfiguration section */
		7000AADB2111C1BB001864B3 /* Debug */ = {
			isa = XCBuildConfiguration;
			buildSettings = {
				ALWAYS_SEARCH_USER_PATHS = NO;
				CLANG_ANALYZER_NONNULL = YES;
				CLANG_ANALYZER_NUMBER_OBJECT_CONVERSION = YES_AGGRESSIVE;
				CLANG_CXX_LANGUAGE_STANDARD = "gnu++14";
				CLANG_CXX_LIBRARY = "libc++";
				CLANG_ENABLE_MODULES = YES;
				CLANG_ENABLE_OBJC_ARC = YES;
				CLANG_ENABLE_OBJC_WEAK = YES;
				CLANG_WARN_BLOCK_CAPTURE_AUTORELEASING = YES;
				CLANG_WARN_BOOL_CONVERSION = YES;
				CLANG_WARN_COMMA = YES;
				CLANG_WARN_CONSTANT_CONVERSION = YES;
				CLANG_WARN_DEPRECATED_OBJC_IMPLEMENTATIONS = YES;
				CLANG_WARN_DIRECT_OBJC_ISA_USAGE = YES_ERROR;
				CLANG_WARN_DOCUMENTATION_COMMENTS = YES;
				CLANG_WARN_EMPTY_BODY = YES;
				CLANG_WARN_ENUM_CONVERSION = YES;
				CLANG_WARN_INFINITE_RECURSION = YES;
				CLANG_WARN_INT_CONVERSION = YES;
				CLANG_WARN_NON_LITERAL_NULL_CONVERSION = YES;
				CLANG_WARN_OBJC_IMPLICIT_RETAIN_SELF = YES;
				CLANG_WARN_OBJC_LITERAL_CONVERSION = YES;
				CLANG_WARN_OBJC_ROOT_CLASS = YES_ERROR;
				CLANG_WARN_RANGE_LOOP_ANALYSIS = YES;
				CLANG_WARN_STRICT_PROTOTYPES = YES;
				CLANG_WARN_SUSPICIOUS_MOVE = YES;
				CLANG_WARN_UNGUARDED_AVAILABILITY = YES_AGGRESSIVE;
				CLANG_WARN_UNREACHABLE_CODE = YES;
				CLANG_WARN__DUPLICATE_METHOD_MATCH = YES;
				CODE_SIGN_IDENTITY = "iPhone Developer";
				COPY_PHASE_STRIP = NO;
				DEBUG_INFORMATION_FORMAT = dwarf;
				ENABLE_STRICT_OBJC_MSGSEND = YES;
				ENABLE_TESTABILITY = YES;
				GCC_C_LANGUAGE_STANDARD = gnu11;
				GCC_DYNAMIC_NO_PIC = NO;
				GCC_NO_COMMON_BLOCKS = YES;
				GCC_OPTIMIZATION_LEVEL = 0;
				GCC_PREPROCESSOR_DEFINITIONS = (
					"DEBUG=1",
					"$(inherited)",
				);
				GCC_WARN_64_TO_32_BIT_CONVERSION = YES;
				GCC_WARN_ABOUT_RETURN_TYPE = YES_ERROR;
				GCC_WARN_UNDECLARED_SELECTOR = YES;
				GCC_WARN_UNINITIALIZED_AUTOS = YES_AGGRESSIVE;
				GCC_WARN_UNUSED_FUNCTION = YES;
				GCC_WARN_UNUSED_VARIABLE = YES;
				IPHONEOS_DEPLOYMENT_TARGET = 11.4;
				MTL_ENABLE_DEBUG_INFO = YES;
				ONLY_ACTIVE_ARCH = YES;
				SDKROOT = iphoneos;
				SWIFT_ACTIVE_COMPILATION_CONDITIONS = DEBUG;
				SWIFT_OPTIMIZATION_LEVEL = "-Onone";
			};
			name = Debug;
		};
		7000AADC2111C1BB001864B3 /* Release */ = {
			isa = XCBuildConfiguration;
			buildSettings = {
				ALWAYS_SEARCH_USER_PATHS = NO;
				CLANG_ANALYZER_NONNULL = YES;
				CLANG_ANALYZER_NUMBER_OBJECT_CONVERSION = YES_AGGRESSIVE;
				CLANG_CXX_LANGUAGE_STANDARD = "gnu++14";
				CLANG_CXX_LIBRARY = "libc++";
				CLANG_ENABLE_MODULES = YES;
				CLANG_ENABLE_OBJC_ARC = YES;
				CLANG_ENABLE_OBJC_WEAK = YES;
				CLANG_WARN_BLOCK_CAPTURE_AUTORELEASING = YES;
				CLANG_WARN_BOOL_CONVERSION = YES;
				CLANG_WARN_COMMA = YES;
				CLANG_WARN_CONSTANT_CONVERSION = YES;
				CLANG_WARN_DEPRECATED_OBJC_IMPLEMENTATIONS = YES;
				CLANG_WARN_DIRECT_OBJC_ISA_USAGE = YES_ERROR;
				CLANG_WARN_DOCUMENTATION_COMMENTS = YES;
				CLANG_WARN_EMPTY_BODY = YES;
				CLANG_WARN_ENUM_CONVERSION = YES;
				CLANG_WARN_INFINITE_RECURSION = YES;
				CLANG_WARN_INT_CONVERSION = YES;
				CLANG_WARN_NON_LITERAL_NULL_CONVERSION = YES;
				CLANG_WARN_OBJC_IMPLICIT_RETAIN_SELF = YES;
				CLANG_WARN_OBJC_LITERAL_CONVERSION = YES;
				CLANG_WARN_OBJC_ROOT_CLASS = YES_ERROR;
				CLANG_WARN_RANGE_LOOP_ANALYSIS = YES;
				CLANG_WARN_STRICT_PROTOTYPES = YES;
				CLANG_WARN_SUSPICIOUS_MOVE = YES;
				CLANG_WARN_UNGUARDED_AVAILABILITY = YES_AGGRESSIVE;
				CLANG_WARN_UNREACHABLE_CODE = YES;
				CLANG_WARN__DUPLICATE_METHOD_MATCH = YES;
				CODE_SIGN_IDENTITY = "iPhone Developer";
				COPY_PHASE_STRIP = NO;
				DEBUG_INFORMATION_FORMAT = "dwarf-with-dsym";
				ENABLE_NS_ASSERTIONS = NO;
				ENABLE_STRICT_OBJC_MSGSEND = YES;
				GCC_C_LANGUAGE_STANDARD = gnu11;
				GCC_NO_COMMON_BLOCKS = YES;
				GCC_WARN_64_TO_32_BIT_CONVERSION = YES;
				GCC_WARN_ABOUT_RETURN_TYPE = YES_ERROR;
				GCC_WARN_UNDECLARED_SELECTOR = YES;
				GCC_WARN_UNINITIALIZED_AUTOS = YES_AGGRESSIVE;
				GCC_WARN_UNUSED_FUNCTION = YES;
				GCC_WARN_UNUSED_VARIABLE = YES;
				IPHONEOS_DEPLOYMENT_TARGET = 11.4;
				MTL_ENABLE_DEBUG_INFO = NO;
				SDKROOT = iphoneos;
				SWIFT_COMPILATION_MODE = wholemodule;
				SWIFT_OPTIMIZATION_LEVEL = "-O";
				VALIDATE_PRODUCT = YES;
			};
			name = Release;
		};
		7000AADE2111C1BB001864B3 /* Debug */ = {
			isa = XCBuildConfiguration;
			baseConfigurationReference = 780DF5DAD8BDE5DF9055754A /* Pods-Hajj_Hackation_userApp.debug.xcconfig */;
			buildSettings = {
				ASSETCATALOG_COMPILER_APPICON_NAME = AppIcon;
				CODE_SIGN_STYLE = Manual;
				DEVELOPMENT_TEAM = 72J934E5G4;
				INFOPLIST_FILE = Hajj_Hackation_userApp/Info.plist;
				IPHONEOS_DEPLOYMENT_TARGET = 11.3;
				LD_RUNPATH_SEARCH_PATHS = (
					"$(inherited)",
					"@executable_path/Frameworks",
				);
				PRODUCT_BUNDLE_IDENTIFIER = "com.hajj.Hajj-Hackation-userApp";
				PRODUCT_NAME = "$(TARGET_NAME)";
				PROVISIONING_PROFILE = "3a8edbd8-f6b2-45bb-8dbc-4a15cb226f18";
				PROVISIONING_PROFILE_SPECIFIER = cy_wiled_card11;
				SWIFT_VERSION = 4.0;
				TARGETED_DEVICE_FAMILY = "1,2";
			};
			name = Debug;
		};
		7000AADF2111C1BB001864B3 /* Release */ = {
			isa = XCBuildConfiguration;
			baseConfigurationReference = 293EBABE5135091C09F1A22B /* Pods-Hajj_Hackation_userApp.release.xcconfig */;
			buildSettings = {
				ASSETCATALOG_COMPILER_APPICON_NAME = AppIcon;
				CODE_SIGN_STYLE = Manual;
				DEVELOPMENT_TEAM = "";
				INFOPLIST_FILE = Hajj_Hackation_userApp/Info.plist;
				IPHONEOS_DEPLOYMENT_TARGET = 11.3;
				LD_RUNPATH_SEARCH_PATHS = (
					"$(inherited)",
					"@executable_path/Frameworks",
				);
				PRODUCT_BUNDLE_IDENTIFIER = "com.hajj.Hajj-Hackation-userApp";
				PRODUCT_NAME = "$(TARGET_NAME)";
				PROVISIONING_PROFILE_SPECIFIER = "";
				SWIFT_VERSION = 4.0;
				TARGETED_DEVICE_FAMILY = "1,2";
			};
			name = Release;
		};
		7000AAE12111C1BB001864B3 /* Debug */ = {
			isa = XCBuildConfiguration;
			buildSettings = {
				ALWAYS_EMBED_SWIFT_STANDARD_LIBRARIES = YES;
				BUNDLE_LOADER = "$(TEST_HOST)";
				CODE_SIGN_STYLE = Automatic;
				DEVELOPMENT_TEAM = 72J934E5G4;
				INFOPLIST_FILE = Hajj_Hackation_userAppTests/Info.plist;
				LD_RUNPATH_SEARCH_PATHS = (
					"$(inherited)",
					"@executable_path/Frameworks",
					"@loader_path/Frameworks",
				);
				PRODUCT_BUNDLE_IDENTIFIER = "com.hajj.Hajj-Hackation-userAppTests";
				PRODUCT_NAME = "$(TARGET_NAME)";
				SWIFT_VERSION = 4.0;
				TARGETED_DEVICE_FAMILY = "1,2";
				TEST_HOST = "$(BUILT_PRODUCTS_DIR)/Hajj_Hackation_userApp.app/Hajj_Hackation_userApp";
			};
			name = Debug;
		};
		7000AAE22111C1BB001864B3 /* Release */ = {
			isa = XCBuildConfiguration;
			buildSettings = {
				ALWAYS_EMBED_SWIFT_STANDARD_LIBRARIES = YES;
				BUNDLE_LOADER = "$(TEST_HOST)";
				CODE_SIGN_STYLE = Automatic;
				DEVELOPMENT_TEAM = 72J934E5G4;
				INFOPLIST_FILE = Hajj_Hackation_userAppTests/Info.plist;
				LD_RUNPATH_SEARCH_PATHS = (
					"$(inherited)",
					"@executable_path/Frameworks",
					"@loader_path/Frameworks",
				);
				PRODUCT_BUNDLE_IDENTIFIER = "com.hajj.Hajj-Hackation-userAppTests";
				PRODUCT_NAME = "$(TARGET_NAME)";
				SWIFT_VERSION = 4.0;
				TARGETED_DEVICE_FAMILY = "1,2";
				TEST_HOST = "$(BUILT_PRODUCTS_DIR)/Hajj_Hackation_userApp.app/Hajj_Hackation_userApp";
			};
			name = Release;
		};
		7000AAE42111C1BB001864B3 /* Debug */ = {
			isa = XCBuildConfiguration;
			buildSettings = {
				ALWAYS_EMBED_SWIFT_STANDARD_LIBRARIES = YES;
				CODE_SIGN_STYLE = Automatic;
				DEVELOPMENT_TEAM = 72J934E5G4;
				INFOPLIST_FILE = Hajj_Hackation_userAppUITests/Info.plist;
				LD_RUNPATH_SEARCH_PATHS = (
					"$(inherited)",
					"@executable_path/Frameworks",
					"@loader_path/Frameworks",
				);
				PRODUCT_BUNDLE_IDENTIFIER = "com.hajj.Hajj-Hackation-userAppUITests";
				PRODUCT_NAME = "$(TARGET_NAME)";
				SWIFT_VERSION = 4.0;
				TARGETED_DEVICE_FAMILY = "1,2";
				TEST_TARGET_NAME = Hajj_Hackation_userApp;
			};
			name = Debug;
		};
		7000AAE52111C1BB001864B3 /* Release */ = {
			isa = XCBuildConfiguration;
			buildSettings = {
				ALWAYS_EMBED_SWIFT_STANDARD_LIBRARIES = YES;
				CODE_SIGN_STYLE = Automatic;
				DEVELOPMENT_TEAM = 72J934E5G4;
				INFOPLIST_FILE = Hajj_Hackation_userAppUITests/Info.plist;
				LD_RUNPATH_SEARCH_PATHS = (
					"$(inherited)",
					"@executable_path/Frameworks",
					"@loader_path/Frameworks",
				);
				PRODUCT_BUNDLE_IDENTIFIER = "com.hajj.Hajj-Hackation-userAppUITests";
				PRODUCT_NAME = "$(TARGET_NAME)";
				SWIFT_VERSION = 4.0;
				TARGETED_DEVICE_FAMILY = "1,2";
				TEST_TARGET_NAME = Hajj_Hackation_userApp;
			};
			name = Release;
		};
/* End XCBuildConfiguration section */

/* Begin XCConfigurationList section */
		7000AAAD2111C1BA001864B3 /* Build configuration list for PBXProject "Hajj_Hackation_userApp" */ = {
			isa = XCConfigurationList;
			buildConfigurations = (
				7000AADB2111C1BB001864B3 /* Debug */,
				7000AADC2111C1BB001864B3 /* Release */,
			);
			defaultConfigurationIsVisible = 0;
			defaultConfigurationName = Release;
		};
		7000AADD2111C1BB001864B3 /* Build configuration list for PBXNativeTarget "Hajj_Hackation_userApp" */ = {
			isa = XCConfigurationList;
			buildConfigurations = (
				7000AADE2111C1BB001864B3 /* Debug */,
				7000AADF2111C1BB001864B3 /* Release */,
			);
			defaultConfigurationIsVisible = 0;
			defaultConfigurationName = Release;
		};
		7000AAE02111C1BB001864B3 /* Build configuration list for PBXNativeTarget "Hajj_Hackation_userAppTests" */ = {
			isa = XCConfigurationList;
			buildConfigurations = (
				7000AAE12111C1BB001864B3 /* Debug */,
				7000AAE22111C1BB001864B3 /* Release */,
			);
			defaultConfigurationIsVisible = 0;
			defaultConfigurationName = Release;
		};
		7000AAE32111C1BB001864B3 /* Build configuration list for PBXNativeTarget "Hajj_Hackation_userAppUITests" */ = {
			isa = XCConfigurationList;
			buildConfigurations = (
				7000AAE42111C1BB001864B3 /* Debug */,
				7000AAE52111C1BB001864B3 /* Release */,
			);
			defaultConfigurationIsVisible = 0;
			defaultConfigurationName = Release;
		};
/* End XCConfigurationList section */

/* Begin XCVersionGroup section */
		7000AABC2111C1BA001864B3 /* Hajj_Hackation_userApp.xcdatamodeld */ = {
			isa = XCVersionGroup;
			children = (
				7000AABD2111C1BA001864B3 /* Hajj_Hackation_userApp.xcdatamodel */,
			);
			currentVersion = 7000AABD2111C1BA001864B3 /* Hajj_Hackation_userApp.xcdatamodel */;
			path = Hajj_Hackation_userApp.xcdatamodeld;
			sourceTree = "<group>";
			versionGroupType = wrapper.xcdatamodel;
		};
/* End XCVersionGroup section */
	};
	rootObject = 7000AAAA2111C1BA001864B3 /* Project object */;
}
